
Microsoft Visual Studio Solution File, Format Version 12.00
# Visual Studio Version 17
VisualStudioVersion = 17.7.34003.232
MinimumVisualStudioVersion = 10.0.40219.1
Project("{FAE04EC0-301F-11D3-BF4B-00C04F79EFBC}") = "XSIS.Contexts", "XSIS.Contexts\XSIS.Contexts.csproj", "{AE0C2E80-85E1-48DD-AEAA-E34E00C700EF}"
EndProject
Project("{FAE04EC0-301F-11D3-BF4B-00C04F79EFBC}") = "XSIS.Models", "XSIS.Models\XSIS.Models.csproj", "{446E99AB-4E79-4CDA-BEE7-DEFE62AA27AB}"
EndProject
Project("{FAE04EC0-301F-11D3-BF4B-00C04F79EFBC}") = "XSIS.Services", "XSIS.Services\XSIS.Services.csproj", "{8CB6765E-A748-4675-9146-0A3FBA59026F}"
EndProject
Project("{FAE04EC0-301F-11D3-BF4B-00C04F79EFBC}") = "XSIS.WebApi", "XSIS.WebApi\XSIS.WebApi.csproj", "{C336F63E-2931-4157-B681-4300561A1D3B}"
EndProject
Project("{FAE04EC0-301F-11D3-BF4B-00C04F79EFBC}") = "XSIS.UnitTests", "XSIS.UnitTests\XSIS.UnitTests.csproj", "{CD56A80C-7106-46CB-BE5D-785E66E3AF0B}"
EndProject
Global
	GlobalSection(SolutionConfigurationPlatforms) = preSolution
		Debug|Any CPU = Debug|Any CPU
		Release|Any CPU = Release|Any CPU
	EndGlobalSection
	GlobalSection(ProjectConfigurationPlatforms) = postSolution
		{AE0C2E80-85E1-48DD-AEAA-E34E00C700EF}.Debug|Any CPU.ActiveCfg = Debug|Any CPU
		{AE0C2E80-85E1-48DD-AEAA-E34E00C700EF}.Debug|Any CPU.Build.0 = Debug|Any CPU
		{AE0C2E80-85E1-48DD-AEAA-E34E00C700EF}.Release|Any CPU.ActiveCfg = Release|Any CPU
		{AE0C2E80-85E1-48DD-AEAA-E34E00C700EF}.Release|Any CPU.Build.0 = Release|Any CPU
		{446E99AB-4E79-4CDA-BEE7-DEFE62AA27AB}.Debug|Any CPU.ActiveCfg = Debug|Any CPU
		{446E99AB-4E79-4CDA-BEE7-DEFE62AA27AB}.Debug|Any CPU.Build.0 = Debug|Any CPU
		{446E99AB-4E79-4CDA-BEE7-DEFE62AA27AB}.Release|Any CPU.ActiveCfg = Release|Any CPU
		{446E99AB-4E79-4CDA-BEE7-DEFE62AA27AB}.Release|Any CPU.Build.0 = Release|Any CPU
		{8CB6765E-A748-4675-9146-0A3FBA59026F}.Debug|Any CPU.ActiveCfg = Debug|Any CPU
		{8CB6765E-A748-4675-9146-0A3FBA59026F}.Debug|Any CPU.Build.0 = Debug|Any CPU
		{8CB6765E-A748-4675-9146-0A3FBA59026F}.Release|Any CPU.ActiveCfg = Release|Any CPU
		{8CB6765E-A748-4675-9146-0A3FBA59026F}.Release|Any CPU.Build.0 = Release|Any CPU
		{C336F63E-2931-4157-B681-4300561A1D3B}.Debug|Any CPU.ActiveCfg = Debug|Any CPU
		{C336F63E-2931-4157-B681-4300561A1D3B}.Debug|Any CPU.Build.0 = Debug|Any CPU
		{C336F63E-2931-4157-B681-4300561A1D3B}.Release|Any CPU.ActiveCfg = Release|Any CPU
		{C336F63E-2931-4157-B681-4300561A1D3B}.Release|Any CPU.Build.0 = Release|Any CPU
		{CD56A80C-7106-46CB-BE5D-785E66E3AF0B}.Debug|Any CPU.ActiveCfg = Debug|Any CPU
		{CD56A80C-7106-46CB-BE5D-785E66E3AF0B}.Debug|Any CPU.Build.0 = Debug|Any CPU
		{CD56A80C-7106-46CB-BE5D-785E66E3AF0B}.Release|Any CPU.ActiveCfg = Release|Any CPU
		{CD56A80C-7106-46CB-BE5D-785E66E3AF0B}.Release|Any CPU.Build.0 = Release|Any CPU
	EndGlobalSection
	GlobalSection(SolutionProperties) = preSolution
		HideSolutionNode = FALSE
	EndGlobalSection
	GlobalSection(ExtensibilityGlobals) = postSolution
		SolutionGuid = {99DE39E7-9155-4552-8E70-ECB6B1E5A6D6}
	EndGlobalSection
EndGlobal
